github.com/jepsen-io/maelstrom/demo/go v0.0.0-20230623004240-10f5c7f61e0e h1:dJHk7j5HDmuLqqVjRUt1kuSRBRQLxmm9CdZ1B9kpa98=
github.com/jepsen-io/maelstrom/demo/go v0.0.0-20230623004240-10f5c7f61e0e/go.mod h1:i6aVIs5AIOOaQF1lAisBm7DDeWM1Iopf+26UxjagsCU=
github.com/jepsen-io/maelstrom/demo/go v0.0.0-20231231190402-2674df7c1076 h1:F5ytAY6tuSPROoHctDr154A6ePf67xQ90Jre/IT+mJ8=
github.com/jepsen-io/maelstrom/demo/go v0.0.0-20231231190402-2674df7c1076/go.mod h1:i6aVIs5AIOOaQF1lAisBm7DDeWM1Iopf+26UxjagsCU=
